// !$*UTF8*$!
{
	archiveVersion = 1;
	classes = {
	};
	objectVersion = 56;
	objects = {

/* Begin PBXBuildFile section */
		F48863DB2A24CD0200E3A24D /* DreamApp.swift in Sources */ = {isa = PBXBuildFile; fileRef = F48863DA2A24CD0200E3A24D /* DreamApp.swift */; };
		F48863DD2A24CD0200E3A24D /* ContentView.swift in Sources */ = {isa = PBXBuildFile; fileRef = F48863DC2A24CD0200E3A24D /* ContentView.swift */; };
		F48863DF2A24CD0300E3A24D /* Assets.xcassets in Resources */ = {isa = PBXBuildFile; fileRef = F48863DE2A24CD0300E3A24D /* Assets.xcassets */; };
		F48863E32A24CD0300E3A24D /* Preview Assets.xcassets in Resources */ = {isa = PBXBuildFile; fileRef = F48863E22A24CD0300E3A24D /* Preview Assets.xcassets */; };
		F48863ED2A24CD0300E3A24D /* DreamTests.swift in Sources */ = {isa = PBXBuildFile; fileRef = F48863EC2A24CD0300E3A24D /* DreamTests.swift */; };
		F48863F72A24CD0300E3A24D /* DreamUITests.swift in Sources */ = {isa = PBXBuildFile; fileRef = F48863F62A24CD0300E3A24D /* DreamUITests.swift */; };
		F48863F92A24CD0300E3A24D /* DreamUITestsLaunchTests.swift in Sources */ = {isa = PBXBuildFile; fileRef = F48863F82A24CD0300E3A24D /* DreamUITestsLaunchTests.swift */; };
		F48864062A24D0F600E3A24D /* WelcomeView.swift in Sources */ = {isa = PBXBuildFile; fileRef = F48864052A24D0F600E3A24D /* WelcomeView.swift */; };
		F48864082A24D45500E3A24D /* LibraryView.swift in Sources */ = {isa = PBXBuildFile; fileRef = F48864072A24D45500E3A24D /* LibraryView.swift */; };
		F488640A2A24D46E00E3A24D /* ReadView.swift in Sources */ = {isa = PBXBuildFile; fileRef = F48864092A24D46E00E3A24D /* ReadView.swift */; };
/* End PBXBuildFile section */

/* Begin PBXContainerItemProxy section */
		F48863E92A24CD0300E3A24D /* PBXContainerItemProxy */ = {
			isa = PBXContainerItemProxy;
			containerPortal = F48863CF2A24CD0200E3A24D /* Project object */;
			proxyType = 1;
			remoteGlobalIDString = F48863D62A24CD0200E3A24D;
			remoteInfo = Dream;
		};
		F48863F32A24CD0300E3A24D /* PBXContainerItemProxy */ = {
			isa = PBXContainerItemProxy;
			containerPortal = F48863CF2A24CD0200E3A24D /* Project object */;
			proxyType = 1;
			remoteGlobalIDString = F48863D62A24CD0200E3A24D;
			remoteInfo = Dream;
		};
/* End PBXContainerItemProxy section */

/* Begin PBXFileReference section */
		F48863D72A24CD0200E3A24D /* Dream.app */ = {isa = PBXFileReference; explicitFileType = wrapper.application; includeInIndex = 0; path = Dream.app; sourceTree = BUILT_PRODUCTS_DIR; };
		F48863DA2A24CD0200E3A24D /* DreamApp.swift */ = {isa = PBXFileReference; lastKnownFileType = sourcecode.swift; path = DreamApp.swift; sourceTree = "<group>"; };
		F48863DC2A24CD0200E3A24D /* ContentView.swift */ = {isa = PBXFileReference; lastKnownFileType = sourcecode.swift; path = ContentView.swift; sourceTree = "<group>"; };
		F48863DE2A24CD0300E3A24D /* Assets.xcassets */ = {isa = PBXFileReference; lastKnownFileType = folder.assetcatalog; path = Assets.xcassets; sourceTree = "<group>"; };
		F48863E02A24CD0300E3A24D /* Dream.entitlements */ = {isa = PBXFileReference; lastKnownFileType = text.plist.entitlements; path = Dream.entitlements; sourceTree = "<group>"; };
		F48863E22A24CD0300E3A24D /* Preview Assets.xcassets */ = {isa = PBXFileReference; lastKnownFileType = folder.assetcatalog; path = "Preview Assets.xcassets"; sourceTree = "<group>"; };
		F48863E82A24CD0300E3A24D /* DreamTests.xctest */ = {isa = PBXFileReference; explicitFileType = wrapper.cfbundle; includeInIndex = 0; path = DreamTests.xctest; sourceTree = BUILT_PRODUCTS_DIR; };
		F48863EC2A24CD0300E3A24D /* DreamTests.swift */ = {isa = PBXFileReference; lastKnownFileType = sourcecode.swift; path = DreamTests.swift; sourceTree = "<group>"; };
		F48863F22A24CD0300E3A24D /* DreamUITests.xctest */ = {isa = PBXFileReference; explicitFileType = wrapper.cfbundle; includeInIndex = 0; path = DreamUITests.xctest; sourceTree = BUILT_PRODUCTS_DIR; };
		F48863F62A24CD0300E3A24D /* DreamUITests.swift */ = {isa = PBXFileReference; lastKnownFileType = sourcecode.swift; path = DreamUITests.swift; sourceTree = "<group>"; };
		F48863F82A24CD0300E3A24D /* DreamUITestsLaunchTests.swift */ = {isa = PBXFileReference; lastKnownFileType = sourcecode.swift; path = DreamUITestsLaunchTests.swift; sourceTree = "<group>"; };
		F48864052A24D0F600E3A24D /* WelcomeView.swift */ = {isa = PBXFileReference; lastKnownFileType = sourcecode.swift; path = WelcomeView.swift; sourceTree = "<group>"; };
		F48864072A24D45500E3A24D /* LibraryView.swift */ = {isa = PBXFileReference; lastKnownFileType = sourcecode.swift; path = LibraryView.swift; sourceTree = "<group>"; };
		F48864092A24D46E00E3A24D /* ReadView.swift */ = {isa = PBXFileReference; lastKnownFileType = sourcecode.swift; path = ReadView.swift; sourceTree = "<group>"; };
/* End PBXFileReference section */

/* Begin PBXFrameworksBuildPhase section */
		F48863D42A24CD0200E3A24D /* Frameworks */ = {
			isa = PBXFrameworksBuildPhase;
			buildActionMask = 2147483647;
			files = (
			);
			runOnlyForDeploymentPostprocessing = 0;
		};
		F48863E52A24CD0300E3A24D /* Frameworks */ = {
			isa = PBXFrameworksBuildPhase;
			buildActionMask = 2147483647;
			files = (
			);
			runOnlyForDeploymentPostprocessing = 0;
		};
		F48863EF2A24CD0300E3A24D /* Frameworks */ = {
			isa = PBXFrameworksBuildPhase;
			buildActionMask = 2147483647;
			files = (
			);
			runOnlyForDeploymentPostprocessing = 0;
		};
/* End PBXFrameworksBuildPhase section */

/* Begin PBXGroup section */
		F48863CE2A24CD0200E3A24D = {
			isa = PBXGroup;
			children = (
				F48863D92A24CD0200E3A24D /* Dream */,
				F48863EB2A24CD0300E3A24D /* DreamTests */,
				F48863F52A24CD0300E3A24D /* DreamUITests */,
				F48863D82A24CD0200E3A24D /* Products */,
			);
			sourceTree = "<group>";
		};
		F48863D82A24CD0200E3A24D /* Products */ = {
			isa = PBXGroup;
			children = (
				F48863D72A24CD0200E3A24D /* Dream.app */,
				F48863E82A24CD0300E3A24D /* DreamTests.xctest */,
				F48863F22A24CD0300E3A24D /* DreamUITests.xctest */,
			);
			name = Products;
			sourceTree = "<group>";
		};
		F48863D92A24CD0200E3A24D /* Dream */ = {
			isa = PBXGroup;
			children = (
				F48863DA2A24CD0200E3A24D /* DreamApp.swift */,
				F48863DC2A24CD0200E3A24D /* ContentView.swift */,
				F48864052A24D0F600E3A24D /* WelcomeView.swift */,
				F48864072A24D45500E3A24D /* LibraryView.swift */,
				F48864092A24D46E00E3A24D /* ReadView.swift */,
				F48863DE2A24CD0300E3A24D /* Assets.xcassets */,
				F48863E02A24CD0300E3A24D /* Dream.entitlements */,
				F48863E12A24CD0300E3A24D /* Preview Content */,
			);
			path = Dream;
			sourceTree = "<group>";
		};
		F48863E12A24CD0300E3A24D /* Preview Content */ = {
			isa = PBXGroup;
			children = (
				F48863E22A24CD0300E3A24D /* Preview Assets.xcassets */,
			);
			path = "Preview Content";
			sourceTree = "<group>";
		};
		F48863EB2A24CD0300E3A24D /* DreamTests */ = {
			isa = PBXGroup;
			children = (
				F48863EC2A24CD0300E3A24D /* DreamTests.swift */,
			);
			path = DreamTests;
			sourceTree = "<group>";
		};
		F48863F52A24CD0300E3A24D /* DreamUITests */ = {
			isa = PBXGroup;
			children = (
				F48863F62A24CD0300E3A24D /* DreamUITests.swift */,
				F48863F82A24CD0300E3A24D /* DreamUITestsLaunchTests.swift */,
			);
			path = DreamUITests;
			sourceTree = "<group>";
		};
/* End PBXGroup section */

/* Begin PBXNativeTarget section */
		F48863D62A24CD0200E3A24D /* Dream */ = {
			isa = PBXNativeTarget;
			buildConfigurationList = F48863FC2A24CD0300E3A24D /* Build configuration list for PBXNativeTarget "Dream" */;
			buildPhases = (
				F48863D32A24CD0200E3A24D /* Sources */,
				F48863D42A24CD0200E3A24D /* Frameworks */,
				F48863D52A24CD0200E3A24D /* Resources */,
			);
			buildRules = (
			);
			dependencies = (
			);
			name = Dream;
			productName = Dream;
			productReference = F48863D72A24CD0200E3A24D /* Dream.app */;
			productType = "com.apple.product-type.application";
		};
		F48863E72A24CD0300E3A24D /* DreamTests */ = {
			isa = PBXNativeTarget;
			buildConfigurationList = F48863FF2A24CD0300E3A24D /* Build configuration list for PBXNativeTarget "DreamTests" */;
			buildPhases = (
				F48863E42A24CD0300E3A24D /* Sources */,
				F48863E52A24CD0300E3A24D /* Frameworks */,
				F48863E62A24CD0300E3A24D /* Resources */,
			);
			buildRules = (
			);
			dependencies = (
				F48863EA2A24CD0300E3A24D /* PBXTargetDependency */,
			);
			name = DreamTests;
			productName = DreamTests;
			productReference = F48863E82A24CD0300E3A24D /* DreamTests.xctest */;
			productType = "com.apple.product-type.bundle.unit-test";
		};
		F48863F12A24CD0300E3A24D /* DreamUITests */ = {
			isa = PBXNativeTarget;
			buildConfigurationList = F48864022A24CD0300E3A24D /* Build configuration list for PBXNativeTarget "DreamUITests" */;
			buildPhases = (
				F48863EE2A24CD0300E3A24D /* Sources */,
				F48863EF2A24CD0300E3A24D /* Frameworks */,
				F48863F02A24CD0300E3A24D /* Resources */,
			);
			buildRules = (
			);
			dependencies = (
				F48863F42A24CD0300E3A24D /* PBXTargetDependency */,
			);
			name = DreamUITests;
			productName = DreamUITests;
			productReference = F48863F22A24CD0300E3A24D /* DreamUITests.xctest */;
			productType = "com.apple.product-type.bundle.ui-testing";
		};
/* End PBXNativeTarget section */

/* Begin PBXProject section */
		F48863CF2A24CD0200E3A24D /* Project object */ = {
			isa = PBXProject;
			attributes = {
				BuildIndependentTargetsInParallel = 1;
				LastSwiftUpdateCheck = 1430;
				LastUpgradeCheck = 1430;
				TargetAttributes = {
					F48863D62A24CD0200E3A24D = {
						CreatedOnToolsVersion = 14.3;
					};
					F48863E72A24CD0300E3A24D = {
						CreatedOnToolsVersion = 14.3;
						TestTargetID = F48863D62A24CD0200E3A24D;
					};
					F48863F12A24CD0300E3A24D = {
						CreatedOnToolsVersion = 14.3;
						TestTargetID = F48863D62A24CD0200E3A24D;
					};
				};
			};
			buildConfigurationList = F48863D22A24CD0200E3A24D /* Build configuration list for PBXProject "Dream" */;
			compatibilityVersion = "Xcode 14.0";
			developmentRegion = en;
			hasScannedForEncodings = 0;
			knownRegions = (
				en,
				Base,
			);
			mainGroup = F48863CE2A24CD0200E3A24D;
			productRefGroup = F48863D82A24CD0200E3A24D /* Products */;
			projectDirPath = "";
			projectRoot = "";
			targets = (
				F48863D62A24CD0200E3A24D /* Dream */,
				F48863E72A24CD0300E3A24D /* DreamTests */,
				F48863F12A24CD0300E3A24D /* DreamUITests */,
			);
		};
/* End PBXProject section */

/* Begin PBXResourcesBuildPhase section */
		F48863D52A24CD0200E3A24D /* Resources */ = {
			isa = PBXResourcesBuildPhase;
			buildActionMask = 2147483647;
			files = (
				F48863E32A24CD0300E3A24D /* Preview Assets.xcassets in Resources */,
				F48863DF2A24CD0300E3A24D /* Assets.xcassets in Resources */,
			);
			runOnlyForDeploymentPostprocessing = 0;
		};
		F48863E62A24CD0300E3A24D /* Resources */ = {
			isa = PBXResourcesBuildPhase;
			buildActionMask = 2147483647;
			files = (
			);
			runOnlyForDeploymentPostprocessing = 0;
		};
		F48863F02A24CD0300E3A24D /* Resources */ = {
			isa = PBXResourcesBuildPhase;
			buildActionMask = 2147483647;
			files = (
			);
			runOnlyForDeploymentPostprocessing = 0;
		};
/* End PBXResourcesBuildPhase section */

/* Begin PBXSourcesBuildPhase section */
		F48863D32A24CD0200E3A24D /* Sources */ = {
			isa = PBXSourcesBuildPhase;
			buildActionMask = 2147483647;
			files = (
				F48863DD2A24CD0200E3A24D /* ContentView.swift in Sources */,
				F48864082A24D45500E3A24D /* LibraryView.swift in Sources */,
				F488640A2A24D46E00E3A24D /* ReadView.swift in Sources */,
				F48863DB2A24CD0200E3A24D /* DreamApp.swift in Sources */,
				F48864062A24D0F600E3A24D /* WelcomeView.swift in Sources */,
			);
			runOnlyForDeploymentPostprocessing = 0;
		};
		F48863E42A24CD0300E3A24D /* Sources */ = {
			isa = PBXSourcesBuildPhase;
			buildActionMask = 2147483647;
			files = (
				F48863ED2A24CD0300E3A24D /* DreamTests.swift in Sources */,
			);
			runOnlyForDeploymentPostprocessing = 0;
		};
		F48863EE2A24CD0300E3A24D /* Sources */ = {
			isa = PBXSourcesBuildPhase;
			buildActionMask = 2147483647;
			files = (
				F48863F92A24CD0300E3A24D /* DreamUITestsLaunchTests.swift in Sources */,
				F48863F72A24CD0300E3A24D /* DreamUITests.swift in Sources */,
			);
			runOnlyForDeploymentPostprocessing = 0;
		};
/* End PBXSourcesBuildPhase section */

/* Begin PBXTargetDependency section */
		F48863EA2A24CD0300E3A24D /* PBXTargetDependency */ = {
			isa = PBXTargetDependency;
			target = F48863D62A24CD0200E3A24D /* Dream */;
			targetProxy = F48863E92A24CD0300E3A24D /* PBXContainerItemProxy */;
		};
		F48863F42A24CD0300E3A24D /* PBXTargetDependency */ = {
			isa = PBXTargetDependency;
			target = F48863D62A24CD0200E3A24D /* Dream */;
			targetProxy = F48863F32A24CD0300E3A24D /* PBXContainerItemProxy */;
		};
/* End PBXTargetDependency section */

/* Begin XCBuildConfiguration section */
		F48863FA2A24CD0300E3A24D /* Debug */ = {
			isa = XCBuildConfiguration;
			buildSettings = {
				ALWAYS_SEARCH_USER_PATHS = NO;
				CLANG_ANALYZER_NONNULL = YES;
				CLANG_ANALYZER_NUMBER_OBJECT_CONVERSION = YES_AGGRESSIVE;
				CLANG_CXX_LANGUAGE_STANDARD = "gnu++20";
				CLANG_ENABLE_MODULES = YES;
				CLANG_ENABLE_OBJC_ARC = YES;
				CLANG_ENABLE_OBJC_WEAK = YES;
				CLANG_WARN_BLOCK_CAPTURE_AUTORELEASING = YES;
				CLANG_WARN_BOOL_CONVERSION = YES;
				CLANG_WARN_COMMA = YES;
				CLANG_WARN_CONSTANT_CONVERSION = YES;
				CLANG_WARN_DEPRECATED_OBJC_IMPLEMENTATIONS = YES;
				CLANG_WARN_DIRECT_OBJC_ISA_USAGE = YES_ERROR;
				CLANG_WARN_DOCUMENTATION_COMMENTS = YES;
				CLANG_WARN_EMPTY_BODY = YES;
				CLANG_WARN_ENUM_CONVERSION = YES;
				CLANG_WARN_INFINITE_RECURSION = YES;
				CLANG_WARN_INT_CONVERSION = YES;
				CLANG_WARN_NON_LITERAL_NULL_CONVERSION = YES;
				CLANG_WARN_OBJC_IMPLICIT_RETAIN_SELF = YES;
				CLANG_WARN_OBJC_LITERAL_CONVERSION = YES;
				CLANG_WARN_OBJC_ROOT_CLASS = YES_ERROR;
				CLANG_WARN_QUOTED_INCLUDE_IN_FRAMEWORK_HEADER = YES;
				CLANG_WARN_RANGE_LOOP_ANALYSIS = YES;
				CLANG_WARN_STRICT_PROTOTYPES = YES;
				CLANG_WARN_SUSPICIOUS_MOVE = YES;
				CLANG_WARN_UNGUARDED_AVAILABILITY = YES_AGGRESSIVE;
				CLANG_WARN_UNREACHABLE_CODE = YES;
				CLANG_WARN__DUPLICATE_METHOD_MATCH = YES;
				COPY_PHASE_STRIP = NO;
				DEBUG_INFORMATION_FORMAT = dwarf;
				ENABLE_STRICT_OBJC_MSGSEND = YES;
				ENABLE_TESTABILITY = YES;
				GCC_C_LANGUAGE_STANDARD = gnu11;
				GCC_DYNAMIC_NO_PIC = NO;
				GCC_NO_COMMON_BLOCKS = YES;
				GCC_OPTIMIZATION_LEVEL = 0;
				GCC_PREPROCESSOR_DEFINITIONS = (
					"DEBUG=1",
					"$(inherited)",
				);
				GCC_WARN_64_TO_32_BIT_CONVERSION = YES;
				GCC_WARN_ABOUT_RETURN_TYPE = YES_ERROR;
				GCC_WARN_UNDECLARED_SELECTOR = YES;
				GCC_WARN_UNINITIALIZED_AUTOS = YES_AGGRESSIVE;
				GCC_WARN_UNUSED_FUNCTION = YES;
				GCC_WARN_UNUSED_VARIABLE = YES;
				MTL_ENABLE_DEBUG_INFO = INCLUDE_SOURCE;
				MTL_FAST_MATH = YES;
				ONLY_ACTIVE_ARCH = YES;
				SWIFT_ACTIVE_COMPILATION_CONDITIONS = DEBUG;
				SWIFT_OPTIMIZATION_LEVEL = "-Onone";
			};
			name = Debug;
		};
		F48863FB2A24CD0300E3A24D /* Release */ = {
			isa = XCBuildConfiguration;
			buildSettings = {
				ALWAYS_SEARCH_USER_PATHS = NO;
				CLANG_ANALYZER_NONNULL = YES;
				CLANG_ANALYZER_NUMBER_OBJECT_CONVERSION = YES_AGGRESSIVE;
				CLANG_CXX_LANGUAGE_STANDARD = "gnu++20";
				CLANG_ENABLE_MODULES = YES;
				CLANG_ENABLE_OBJC_ARC = YES;
				CLANG_ENABLE_OBJC_WEAK = YES;
				CLANG_WARN_BLOCK_CAPTURE_AUTORELEASING = YES;
				CLANG_WARN_BOOL_CONVERSION = YES;
				CLANG_WARN_COMMA = YES;
				CLANG_WARN_CONSTANT_CONVERSION = YES;
				CLANG_WARN_DEPRECATED_OBJC_IMPLEMENTATIONS = YES;
				CLANG_WARN_DIRECT_OBJC_ISA_USAGE = YES_ERROR;
				CLANG_WARN_DOCUMENTATION_COMMENTS = YES;
				CLANG_WARN_EMPTY_BODY = YES;
				CLANG_WARN_ENUM_CONVERSION = YES;
				CLANG_WARN_INFINITE_RECURSION = YES;
				CLANG_WARN_INT_CONVERSION = YES;
				CLANG_WARN_NON_LITERAL_NULL_CONVERSION = YES;
				CLANG_WARN_OBJC_IMPLICIT_RETAIN_SELF = YES;
				CLANG_WARN_OBJC_LITERAL_CONVERSION = YES;
				CLANG_WARN_OBJC_ROOT_CLASS = YES_ERROR;
				CLANG_WARN_QUOTED_INCLUDE_IN_FRAMEWORK_HEADER = YES;
				CLANG_WARN_RANGE_LOOP_ANALYSIS = YES;
				CLANG_WARN_STRICT_PROTOTYPES = YES;
				CLANG_WARN_SUSPICIOUS_MOVE = YES;
				CLANG_WARN_UNGUARDED_AVAILABILITY = YES_AGGRESSIVE;
				CLANG_WARN_UNREACHABLE_CODE = YES;
				CLANG_WARN__DUPLICATE_METHOD_MATCH = YES;
				COPY_PHASE_STRIP = NO;
				DEBUG_INFORMATION_FORMAT = "dwarf-with-dsym";
				ENABLE_NS_ASSERTIONS = NO;
				ENABLE_STRICT_OBJC_MSGSEND = YES;
				GCC_C_LANGUAGE_STANDARD = gnu11;
				GCC_NO_COMMON_BLOCKS = YES;
				GCC_WARN_64_TO_32_BIT_CONVERSION = YES;
				GCC_WARN_ABOUT_RETURN_TYPE = YES_ERROR;
				GCC_WARN_UNDECLARED_SELECTOR = YES;
				GCC_WARN_UNINITIALIZED_AUTOS = YES_AGGRESSIVE;
				GCC_WARN_UNUSED_FUNCTION = YES;
				GCC_WARN_UNUSED_VARIABLE = YES;
				MTL_ENABLE_DEBUG_INFO = NO;
				MTL_FAST_MATH = YES;
				SWIFT_COMPILATION_MODE = wholemodule;
				SWIFT_OPTIMIZATION_LEVEL = "-O";
			};
			name = Release;
		};
		F48863FD2A24CD0300E3A24D /* Debug */ = {
			isa = XCBuildConfiguration;
			buildSettings = {
				ASSETCATALOG_COMPILER_APPICON_NAME = AppIcon;
				ASSETCATALOG_COMPILER_GLOBAL_ACCENT_COLOR_NAME = AccentColor;
				CODE_SIGN_ENTITLEMENTS = Dream/Dream.entitlements;
				CODE_SIGN_STYLE = Automatic;
				CURRENT_PROJECT_VERSION = 1;
				DEVELOPMENT_ASSET_PATHS = "\"Dream/Preview Content\"";
				DEVELOPMENT_TEAM = GRBR9V67NZ;
				ENABLE_HARDENED_RUNTIME = YES;
				ENABLE_PREVIEWS = YES;
				GENERATE_INFOPLIST_FILE = YES;
				"INFOPLIST_KEY_UIApplicationSceneManifest_Generation[sdk=iphoneos*]" = YES;
				"INFOPLIST_KEY_UIApplicationSceneManifest_Generation[sdk=iphonesimulator*]" = YES;
				"INFOPLIST_KEY_UIApplicationSupportsIndirectInputEvents[sdk=iphoneos*]" = YES;
				"INFOPLIST_KEY_UIApplicationSupportsIndirectInputEvents[sdk=iphonesimulator*]" = YES;
				"INFOPLIST_KEY_UILaunchScreen_Generation[sdk=iphoneos*]" = YES;
				"INFOPLIST_KEY_UILaunchScreen_Generation[sdk=iphonesimulator*]" = YES;
				"INFOPLIST_KEY_UIStatusBarStyle[sdk=iphoneos*]" = UIStatusBarStyleDefault;
				"INFOPLIST_KEY_UIStatusBarStyle[sdk=iphonesimulator*]" = UIStatusBarStyleDefault;
				INFOPLIST_KEY_UISupportedInterfaceOrientations_iPad = "UIInterfaceOrientationPortrait UIInterfaceOrientationPortraitUpsideDown UIInterfaceOrientationLandscapeLeft UIInterfaceOrientationLandscapeRight";
				INFOPLIST_KEY_UISupportedInterfaceOrientations_iPhone = "UIInterfaceOrientationPortrait UIInterfaceOrientationLandscapeLeft UIInterfaceOrientationLandscapeRight";
				IPHONEOS_DEPLOYMENT_TARGET = 16.4;
				LD_RUNPATH_SEARCH_PATHS = "@executable_path/Frameworks";
				"LD_RUNPATH_SEARCH_PATHS[sdk=macosx*]" = "@executable_path/../Frameworks";
				MACOSX_DEPLOYMENT_TARGET = 13.3;
				MARKETING_VERSION = 1.0;
				PRODUCT_BUNDLE_IDENTIFIER = Hill.Dream;
				PRODUCT_NAME = "$(TARGET_NAME)";
				SDKROOT = auto;
				SUPPORTED_PLATFORMS = "iphoneos iphonesimulator macosx";
				SWIFT_EMIT_LOC_STRINGS = YES;
				SWIFT_VERSION = 5.0;
				TARGETED_DEVICE_FAMILY = "1,2";
			};
			name = Debug;
		};
		F48863FE2A24CD0300E3A24D /* Release */ = {
			isa = XCBuildConfiguration;
			buildSettings = {
				ASSETCATALOG_COMPILER_APPICON_NAME = AppIcon;
				ASSETCATALOG_COMPILER_GLOBAL_ACCENT_COLOR_NAME = AccentColor;
				CODE_SIGN_ENTITLEMENTS = Dream/Dream.entitlements;
				CODE_SIGN_STYLE = Automatic;
				CURRENT_PROJECT_VERSION = 1;
				DEVELOPMENT_ASSET_PATHS = "\"Dream/Preview Content\"";
				DEVELOPMENT_TEAM = GRBR9V67NZ;
				ENABLE_HARDENED_RUNTIME = YES;
				ENABLE_PREVIEWS = YES;
				GENERATE_INFOPLIST_FILE = YES;
				"INFOPLIST_KEY_UIApplicationSceneManifest_Generation[sdk=iphoneos*]" = YES;
				"INFOPLIST_KEY_UIApplicationSceneManifest_Generation[sdk=iphonesimulator*]" = YES;
				"INFOPLIST_KEY_UIApplicationSupportsIndirectInputEvents[sdk=iphoneos*]" = YES;
				"INFOPLIST_KEY_UIApplicationSupportsIndirectInputEvents[sdk=iphonesimulator*]" = YES;
				"INFOPLIST_KEY_UILaunchScreen_Generation[sdk=iphoneos*]" = YES;
				"INFOPLIST_KEY_UILaunchScreen_Generation[sdk=iphonesimulator*]" = YES;
				"INFOPLIST_KEY_UIStatusBarStyle[sdk=iphoneos*]" = UIStatusBarStyleDefault;
				"INFOPLIST_KEY_UIStatusBarStyle[sdk=iphonesimulator*]" = UIStatusBarStyleDefault;
				INFOPLIST_KEY_UISupportedInterfaceOrientations_iPad = "UIInterfaceOrientationPortrait UIInterfaceOrientationPortraitUpsideDown UIInterfaceOrientationLandscapeLeft UIInterfaceOrientationLandscapeRight";
				INFOPLIST_KEY_UISupportedInterfaceOrientations_iPhone = "UIInterfaceOrientationPortrait UIInterfaceOrientationLandscapeLeft UIInterfaceOrientationLandscapeRight";
				IPHONEOS_DEPLOYMENT_TARGET = 16.4;
				LD_RUNPATH_SEARCH_PATHS = "@executable_path/Frameworks";
				"LD_RUNPATH_SEARCH_PATHS[sdk=macosx*]" = "@executable_path/../Frameworks";
				MACOSX_DEPLOYMENT_TARGET = 13.3;
				MARKETING_VERSION = 1.0;
				PRODUCT_BUNDLE_IDENTIFIER = Hill.Dream;
				PRODUCT_NAME = "$(TARGET_NAME)";
				SDKROOT = auto;
				SUPPORTED_PLATFORMS = "iphoneos iphonesimulator macosx";
				SWIFT_EMIT_LOC_STRINGS = YES;
				SWIFT_VERSION = 5.0;
				TARGETED_DEVICE_FAMILY = "1,2";
			};
			name = Release;
		};
		F48864002A24CD0300E3A24D /* Debug */ = {
			isa = XCBuildConfiguration;
			buildSettings = {
				ALWAYS_EMBED_SWIFT_STANDARD_LIBRARIES = YES;
				BUNDLE_LOADER = "$(TEST_HOST)";
				CODE_SIGN_STYLE = Automatic;
				CURRENT_PROJECT_VERSION = 1;
				DEVELOPMENT_TEAM = GRBR9V67NZ;
				GENERATE_INFOPLIST_FILE = YES;
				IPHONEOS_DEPLOYMENT_TARGET = 16.4;
				MACOSX_DEPLOYMENT_TARGET = 13.3;
				MARKETING_VERSION = 1.0;
				PRODUCT_BUNDLE_IDENTIFIER = Hill.DreamTests;
				PRODUCT_NAME = "$(TARGET_NAME)";
				SDKROOT = auto;
				SUPPORTED_PLATFORMS = "iphoneos iphonesimulator macosx";
				SWIFT_EMIT_LOC_STRINGS = NO;
				SWIFT_VERSION = 5.0;
				TARGETED_DEVICE_FAMILY = "1,2";
				TEST_HOST = "$(BUILT_PRODUCTS_DIR)/Dream.app/$(BUNDLE_EXECUTABLE_FOLDER_PATH)/Dream";
			};
			name = Debug;
		};
		F48864012A24CD0300E3A24D /* Release */ = {
			isa = XCBuildConfiguration;
			buildSettings = {
				ALWAYS_EMBED_SWIFT_STANDARD_LIBRARIES = YES;
				BUNDLE_LOADER = "$(TEST_HOST)";
				CODE_SIGN_STYLE = Automatic;
				CURRENT_PROJECT_VERSION = 1;
				DEVELOPMENT_TEAM = GRBR9V67NZ;
				GENERATE_INFOPLIST_FILE = YES;
				IPHONEOS_DEPLOYMENT_TARGET = 16.4;
				MACOSX_DEPLOYMENT_TARGET = 13.3;
				MARKETING_VERSION = 1.0;
				PRODUCT_BUNDLE_IDENTIFIER = Hill.DreamTests;
				PRODUCT_NAME = "$(TARGET_NAME)";
				SDKROOT = auto;
				SUPPORTED_PLATFORMS = "iphoneos iphonesimulator macosx";
				SWIFT_EMIT_LOC_STRINGS = NO;
				SWIFT_VERSION = 5.0;
				TARGETED_DEVICE_FAMILY = "1,2";
				TEST_HOST = "$(BUILT_PRODUCTS_DIR)/Dream.app/$(BUNDLE_EXECUTABLE_FOLDER_PATH)/Dream";
			};
			name = Release;
		};
		F48864032A24CD0300E3A24D /* Debug */ = {
			isa = XCBuildConfiguration;
			buildSettings = {
				ALWAYS_EMBED_SWIFT_STANDARD_LIBRARIES = YES;
				CODE_SIGN_STYLE = Automatic;
				CURRENT_PROJECT_VERSION = 1;
				DEVELOPMENT_TEAM = GRBR9V67NZ;
				GENERATE_INFOPLIST_FILE = YES;
				IPHONEOS_DEPLOYMENT_TARGET = 16.4;
				MACOSX_DEPLOYMENT_TARGET = 13.3;
				MARKETING_VERSION = 1.0;
				PRODUCT_BUNDLE_IDENTIFIER = Hill.DreamUITests;
				PRODUCT_NAME = "$(TARGET_NAME)";
				SDKROOT = auto;
				SUPPORTED_PLATFORMS = "iphoneos iphonesimulator macosx";
				SWIFT_EMIT_LOC_STRINGS = NO;
				SWIFT_VERSION = 5.0;
				TARGETED_DEVICE_FAMILY = "1,2";
				TEST_TARGET_NAME = Dream;
			};
			name = Debug;
		};
		F48864042A24CD0300E3A24D /* Release */ = {
			isa = XCBuildConfiguration;
			buildSettings = {
				ALWAYS_EMBED_SWIFT_STANDARD_LIBRARIES = YES;
				CODE_SIGN_STYLE = Automatic;
				CURRENT_PROJECT_VERSION = 1;
				DEVELOPMENT_TEAM = GRBR9V67NZ;
				GENERATE_INFOPLIST_FILE = YES;
				IPHONEOS_DEPLOYMENT_TARGET = 16.4;
				MACOSX_DEPLOYMENT_TARGET = 13.3;
				MARKETING_VERSION = 1.0;
				PRODUCT_BUNDLE_IDENTIFIER = Hill.DreamUITests;
				PRODUCT_NAME = "$(TARGET_NAME)";
				SDKROOT = auto;
				SUPPORTED_PLATFORMS = "iphoneos iphonesimulator macosx";
				SWIFT_EMIT_LOC_STRINGS = NO;
				SWIFT_VERSION = 5.0;
				TARGETED_DEVICE_FAMILY = "1,2";
				TEST_TARGET_NAME = Dream;
			};
			name = Release;
		};
/* End XCBuildConfiguration section */

/* Begin XCConfigurationList section */
		F48863D22A24CD0200E3A24D /* Build configuration list for PBXProject "Dream" */ = {
			isa = XCConfigurationList;
			buildConfigurations = (
				F48863FA2A24CD0300E3A24D /* Debug */,
				F48863FB2A24CD0300E3A24D /* Release */,
			);
			defaultConfigurationIsVisible = 0;
			defaultConfigurationName = Release;
		};
		F48863FC2A24CD0300E3A24D /* Build configuration list for PBXNativeTarget "Dream" */ = {
			isa = XCConfigurationList;
			buildConfigurations = (
				F48863FD2A24CD0300E3A24D /* Debug */,
				F48863FE2A24CD0300E3A24D /* Release */,
			);
			defaultConfigurationIsVisible = 0;
			defaultConfigurationName = Release;
		};
		F48863FF2A24CD0300E3A24D /* Build configuration list for PBXNativeTarget "DreamTests" */ = {
			isa = XCConfigurationList;
			buildConfigurations = (
				F48864002A24CD0300E3A24D /* Debug */,
				F48864012A24CD0300E3A24D /* Release */,
			);
			defaultConfigurationIsVisible = 0;
			defaultConfigurationName = Release;
		};
		F48864022A24CD0300E3A24D /* Build configuration list for PBXNativeTarget "DreamUITests" */ = {
			isa = XCConfigurationList;
			buildConfigurations = (
				F48864032A24CD0300E3A24D /* Debug */,
				F48864042A24CD0300E3A24D /* Release */,
			);
			defaultConfigurationIsVisible = 0;
			defaultConfigurationName = Release;
		};
/* End XCConfigurationList section */
	};
	rootObject = F48863CF2A24CD0200E3A24D /* Project object */;
}
